github.com/ashkan90/auto-core v0.0.2 h1:l00kf6r5bvyboWDqfkN3dC2gmEx7MzY5MmCd6QvLVxQ=
github.com/ashkan90/auto-core v0.0.2/go.mod h1:DOao3FM4Y2tn4Smgl2UIPAZEyUvVWH9ka06DX05RR2Y=
github.com/ashkan90/auto-core v0.0.3 h1:xmbODl3ZJp14+Wj7S0B+qedLbsyV/A076FZbZ8VCpbY=
github.com/ashkan90/auto-core v0.0.3/go.mod h1:F0CZ7Eu+Le95cn5pQ39vuuWJVUuEAJVpz+BAFgxQ8QU=
